github.com/golang/groupcache v0.0.0-20210331224755-41bb18bfe9da h1:oI5xCqsCo564l8iNU+DwB5epxmsaqB+rhGL0m5jtYqE=
github.com/golang/groupcache v0.0.0-20210331224755-41bb18bfe9da/go.mod h1:cIg4eruTrX1D+g88fzRXU5OdNfaM+9IcxsU14FzY7Hc=
github.com/itshosted/mcore v0.0.0-20151215094434-9aa9c3bf18f3 h1:K4Pz2MOoq4zjXpAqF0jgEPzO1/GW19i1/OMCHn7+F+4=
github.com/itshosted/mcore v0.0.0-20151215094434-9aa9c3bf18f3/go.mod h1:XClchGRh4h9Ndghvsi29p1YNeLCLXts6p4xVdrd9aXc=
